// !$*UTF8*$!
{
	archiveVersion = 1;
	classes = {
	};
	objectVersion = 50;
	objects = {

/* Begin PBXBuildFile section */
		DECAFDD320D16F780003B902 /* AppDelegate.swift in Sources */ = {isa = PBXBuildFile; fileRef = DECAFDD220D16F780003B902 /* AppDelegate.swift */; };
		DECAFDD520D16F780003B902 /* art.scnassets in Resources */ = {isa = PBXBuildFile; fileRef = DECAFDD420D16F780003B902 /* art.scnassets */; };
		DECAFDD720D16F780003B902 /* ViewController.swift in Sources */ = {isa = PBXBuildFile; fileRef = DECAFDD620D16F780003B902 /* ViewController.swift */; };
		DECAFDDA20D16F780003B902 /* Main.storyboard in Resources */ = {isa = PBXBuildFile; fileRef = DECAFDD820D16F780003B902 /* Main.storyboard */; };
		DECAFDDC20D16F7B0003B902 /* Assets.xcassets in Resources */ = {isa = PBXBuildFile; fileRef = DECAFDDB20D16F7B0003B902 /* Assets.xcassets */; };
		DECAFDDF20D16F7B0003B902 /* LaunchScreen.storyboard in Resources */ = {isa = PBXBuildFile; fileRef = DECAFDDD20D16F7B0003B902 /* LaunchScreen.storyboard */; };
		DECAFDE720D1728A0003B902 /* ViewController+ARSessionDelegate.swift in Sources */ = {isa = PBXBuildFile; fileRef = DECAFDE620D1728A0003B902 /* ViewController+ARSessionDelegate.swift */; };
		DECAFDEB20D174910003B902 /* StatusViewController.swift in Sources */ = {isa = PBXBuildFile; fileRef = DECAFDEA20D174910003B902 /* StatusViewController.swift */; };
/* End PBXBuildFile section */

/* Begin PBXFileReference section */
		DECAFDCF20D16F780003B902 /* Tracked Images.app */ = {isa = PBXFileReference; explicitFileType = wrapper.application; includeInIndex = 0; path = "Tracked Images.app"; sourceTree = BUILT_PRODUCTS_DIR; };
		DECAFDD220D16F780003B902 /* AppDelegate.swift */ = {isa = PBXFileReference; lastKnownFileType = sourcecode.swift; path = AppDelegate.swift; sourceTree = "<group>"; };
		DECAFDD420D16F780003B902 /* art.scnassets */ = {isa = PBXFileReference; lastKnownFileType = wrapper.scnassets; path = art.scnassets; sourceTree = "<group>"; };
		DECAFDD620D16F780003B902 /* ViewController.swift */ = {isa = PBXFileReference; lastKnownFileType = sourcecode.swift; path = ViewController.swift; sourceTree = "<group>"; };
		DECAFDD920D16F780003B902 /* Base */ = {isa = PBXFileReference; lastKnownFileType = file.storyboard; name = Base; path = Base.lproj/Main.storyboard; sourceTree = "<group>"; };
		DECAFDDB20D16F7B0003B902 /* Assets.xcassets */ = {isa = PBXFileReference; lastKnownFileType = folder.assetcatalog; path = Assets.xcassets; sourceTree = "<group>"; };
		DECAFDDE20D16F7B0003B902 /* Base */ = {isa = PBXFileReference; lastKnownFileType = file.storyboard; name = Base; path = Base.lproj/LaunchScreen.storyboard; sourceTree = "<group>"; };
		DECAFDE020D16F7B0003B902 /* Info.plist */ = {isa = PBXFileReference; lastKnownFileType = text.plist.xml; path = Info.plist; sourceTree = "<group>"; };
		DECAFDE620D1728A0003B902 /* ViewController+ARSessionDelegate.swift */ = {isa = PBXFileReference; lastKnownFileType = sourcecode.swift; path = "ViewController+ARSessionDelegate.swift"; sourceTree = "<group>"; };
		DECAFDEA20D174910003B902 /* StatusViewController.swift */ = {isa = PBXFileReference; fileEncoding = 4; lastKnownFileType = sourcecode.swift; path = StatusViewController.swift; sourceTree = "<group>"; };
/* End PBXFileReference section */

/* Begin PBXFrameworksBuildPhase section */
		DECAFDCC20D16F780003B902 /* Frameworks */ = {
			isa = PBXFrameworksBuildPhase;
			buildActionMask = 2147483647;
			files = (
			);
			runOnlyForDeploymentPostprocessing = 0;
		};
/* End PBXFrameworksBuildPhase section */

/* Begin PBXGroup section */
		DECAFDC620D16F780003B902 = {
			isa = PBXGroup;
			children = (
				DECAFDD120D16F780003B902 /* Tracked Images */,
				DECAFDD020D16F780003B902 /* Products */,
			);
			sourceTree = "<group>";
		};
		DECAFDD020D16F780003B902 /* Products */ = {
			isa = PBXGroup;
			children = (
				DECAFDCF20D16F780003B902 /* Tracked Images.app */,
			);
			name = Products;
			sourceTree = "<group>";
		};
		DECAFDD120D16F780003B902 /* Tracked Images */ = {
			isa = PBXGroup;
			children = (
				DECAFDEA20D174910003B902 /* StatusViewController.swift */,
				DECAFDD220D16F780003B902 /* AppDelegate.swift */,
				DECAFDD420D16F780003B902 /* art.scnassets */,
				DECAFDD620D16F780003B902 /* ViewController.swift */,
				DECAFDD820D16F780003B902 /* Main.storyboard */,
				DECAFDE620D1728A0003B902 /* ViewController+ARSessionDelegate.swift */,
				DECAFDDB20D16F7B0003B902 /* Assets.xcassets */,
				DECAFDDD20D16F7B0003B902 /* LaunchScreen.storyboard */,
				DECAFDE020D16F7B0003B902 /* Info.plist */,
			);
			path = "Tracked Images";
			sourceTree = "<group>";
		};
/* End PBXGroup section */

/* Begin PBXNativeTarget section */
		DECAFDCE20D16F780003B902 /* Tracked Images */ = {
			isa = PBXNativeTarget;
			buildConfigurationList = DECAFDE320D16F7B0003B902 /* Build configuration list for PBXNativeTarget "Tracked Images" */;
			buildPhases = (
				DECAFDCB20D16F780003B902 /* Sources */,
				DECAFDCC20D16F780003B902 /* Frameworks */,
				DECAFDCD20D16F780003B902 /* Resources */,
			);
			buildRules = (
			);
			dependencies = (
			);
			name = "Tracked Images";
			productName = "Tracked Images";
			productReference = DECAFDCF20D16F780003B902 /* Tracked Images.app */;
			productType = "com.apple.product-type.application";
		};
/* End PBXNativeTarget section */

/* Begin PBXProject section */
		DECAFDC720D16F780003B902 /* Project object */ = {
			isa = PBXProject;
			attributes = {
				LastSwiftUpdateCheck = 1000;
				LastUpgradeCheck = 1000;
				ORGANIZATIONNAME = "Tony Morales";
				TargetAttributes = {
					DECAFDCE20D16F780003B902 = {
						CreatedOnToolsVersion = 10.0;
					};
				};
			};
			buildConfigurationList = DECAFDCA20D16F780003B902 /* Build configuration list for PBXProject "Tracked Images" */;
			compatibilityVersion = "Xcode 9.3";
			developmentRegion = en;
			hasScannedForEncodings = 0;
			knownRegions = (
				en,
				Base,
			);
			mainGroup = DECAFDC620D16F780003B902;
			productRefGroup = DECAFDD020D16F780003B902 /* Products */;
			projectDirPath = "";
			projectRoot = "";
			targets = (
				DECAFDCE20D16F780003B902 /* Tracked Images */,
			);
		};
/* End PBXProject section */

/* Begin PBXResourcesBuildPhase section */
		DECAFDCD20D16F780003B902 /* Resources */ = {
			isa = PBXResourcesBuildPhase;
			buildActionMask = 2147483647;
			files = (
				DECAFDD520D16F780003B902 /* art.scnassets in Resources */,
				DECAFDDF20D16F7B0003B902 /* LaunchScreen.storyboard in Resources */,
				DECAFDDC20D16F7B0003B902 /* Assets.xcassets in Resources */,
				DECAFDDA20D16F780003B902 /* Main.storyboard in Resources */,
			);
			runOnlyForDeploymentPostprocessing = 0;
		};
/* End PBXResourcesBuildPhase section */

/* Begin PBXSourcesBuildPhase section */
		DECAFDCB20D16F780003B902 /* Sources */ = {
			isa = PBXSourcesBuildPhase;
			buildActionMask = 2147483647;
			files = (
				DECAFDEB20D174910003B902 /* StatusViewController.swift in Sources */,
				DECAFDE720D1728A0003B902 /* ViewController+ARSessionDelegate.swift in Sources */,
				DECAFDD720D16F780003B902 /* ViewController.swift in Sources */,
				DECAFDD320D16F780003B902 /* AppDelegate.swift in Sources */,
			);
			runOnlyForDeploymentPostprocessing = 0;
		};
/* End PBXSourcesBuildPhase section */

/* Begin PBXVariantGroup section */
		DECAFDD820D16F780003B902 /* Main.storyboard */ = {
			isa = PBXVariantGroup;
			children = (
				DECAFDD920D16F780003B902 /* Base */,
			);
			name = Main.storyboard;
			sourceTree = "<group>";
		};
		DECAFDDD20D16F7B0003B902 /* LaunchScreen.storyboard */ = {
			isa = PBXVariantGroup;
			children = (
				DECAFDDE20D16F7B0003B902 /* Base */,
			);
			name = LaunchScreen.storyboard;
			sourceTree = "<group>";
		};
/* End PBXVariantGroup section */

/* Begin XCBuildConfiguration section */
		DECAFDE120D16F7B0003B902 /* Debug */ = {
			isa = XCBuildConfiguration;
			buildSettings = {
				ALWAYS_SEARCH_USER_PATHS = NO;
				CLANG_ANALYZER_NONNULL = YES;
				CLANG_ANALYZER_NUMBER_OBJECT_CONVERSION = YES_AGGRESSIVE;
				CLANG_CXX_LANGUAGE_STANDARD = "gnu++14";
				CLANG_CXX_LIBRARY = "libc++";
				CLANG_ENABLE_MODULES = YES;
				CLANG_ENABLE_OBJC_ARC = YES;
				CLANG_ENABLE_OBJC_WEAK = YES;
				CLANG_WARN_BLOCK_CAPTURE_AUTORELEASING = YES;
				CLANG_WARN_BOOL_CONVERSION = YES;
				CLANG_WARN_COMMA = YES;
				CLANG_WARN_CONSTANT_CONVERSION = YES;
				CLANG_WARN_DEPRECATED_OBJC_IMPLEMENTATIONS = YES;
				CLANG_WARN_DIRECT_OBJC_ISA_USAGE = YES_ERROR;
				CLANG_WARN_DOCUMENTATION_COMMENTS = YES;
				CLANG_WARN_EMPTY_BODY = YES;
				CLANG_WARN_ENUM_CONVERSION = YES;
				CLANG_WARN_INFINITE_RECURSION = YES;
				CLANG_WARN_INT_CONVERSION = YES;
				CLANG_WARN_NON_LITERAL_NULL_CONVERSION = YES;
				CLANG_WARN_OBJC_IMPLICIT_RETAIN_SELF = YES;
				CLANG_WARN_OBJC_LITERAL_CONVERSION = YES;
				CLANG_WARN_OBJC_ROOT_CLASS = YES_ERROR;
				CLANG_WARN_RANGE_LOOP_ANALYSIS = YES;
				CLANG_WARN_STRICT_PROTOTYPES = YES;
				CLANG_WARN_SUSPICIOUS_MOVE = YES;
				CLANG_WARN_UNGUARDED_AVAILABILITY = YES_AGGRESSIVE;
				CLANG_WARN_UNREACHABLE_CODE = YES;
				CLANG_WARN__DUPLICATE_METHOD_MATCH = YES;
				CODE_SIGN_IDENTITY = "iPhone Developer";
				COPY_PHASE_STRIP = NO;
				DEBUG_INFORMATION_FORMAT = dwarf;
				ENABLE_STRICT_OBJC_MSGSEND = YES;
				ENABLE_TESTABILITY = YES;
				GCC_C_LANGUAGE_STANDARD = gnu11;
				GCC_DYNAMIC_NO_PIC = NO;
				GCC_NO_COMMON_BLOCKS = YES;
				GCC_OPTIMIZATION_LEVEL = 0;
				GCC_PREPROCESSOR_DEFINITIONS = (
					"DEBUG=1",
					"$(inherited)",
				);
				GCC_WARN_64_TO_32_BIT_CONVERSION = YES;
				GCC_WARN_ABOUT_RETURN_TYPE = YES_ERROR;
				GCC_WARN_UNDECLARED_SELECTOR = YES;
				GCC_WARN_UNINITIALIZED_AUTOS = YES_AGGRESSIVE;
				GCC_WARN_UNUSED_FUNCTION = YES;
				GCC_WARN_UNUSED_VARIABLE = YES;
				IPHONEOS_DEPLOYMENT_TARGET = 12.0;
				MTL_ENABLE_DEBUG_INFO = INCLUDE_SOURCE;
				ONLY_ACTIVE_ARCH = YES;
				SDKROOT = iphoneos;
				SWIFT_ACTIVE_COMPILATION_CONDITIONS = DEBUG;
				SWIFT_OPTIMIZATION_LEVEL = "-Onone";
			};
			name = Debug;
		};
		DECAFDE220D16F7B0003B902 /* Release */ = {
			isa = XCBuildConfiguration;
			buildSettings = {
				ALWAYS_SEARCH_USER_PATHS = NO;
				CLANG_ANALYZER_NONNULL = YES;
				CLANG_ANALYZER_NUMBER_OBJECT_CONVERSION = YES_AGGRESSIVE;
				CLANG_CXX_LANGUAGE_STANDARD = "gnu++14";
				CLANG_CXX_LIBRARY = "libc++";
				CLANG_ENABLE_MODULES = YES;
				CLANG_ENABLE_OBJC_ARC = YES;
				CLANG_ENABLE_OBJC_WEAK = YES;
				CLANG_WARN_BLOCK_CAPTURE_AUTORELEASING = YES;
				CLANG_WARN_BOOL_CONVERSION = YES;
				CLANG_WARN_COMMA = YES;
				CLANG_WARN_CONSTANT_CONVERSION = YES;
				CLANG_WARN_DEPRECATED_OBJC_IMPLEMENTATIONS = YES;
				CLANG_WARN_DIRECT_OBJC_ISA_USAGE = YES_ERROR;
				CLANG_WARN_DOCUMENTATION_COMMENTS = YES;
				CLANG_WARN_EMPTY_BODY = YES;
				CLANG_WARN_ENUM_CONVERSION = YES;
				CLANG_WARN_INFINITE_RECURSION = YES;
				CLANG_WARN_INT_CONVERSION = YES;
				CLANG_WARN_NON_LITERAL_NULL_CONVERSION = YES;
				CLANG_WARN_OBJC_IMPLICIT_RETAIN_SELF = YES;
				CLANG_WARN_OBJC_LITERAL_CONVERSION = YES;
				CLANG_WARN_OBJC_ROOT_CLASS = YES_ERROR;
				CLANG_WARN_RANGE_LOOP_ANALYSIS = YES;
				CLANG_WARN_STRICT_PROTOTYPES = YES;
				CLANG_WARN_SUSPICIOUS_MOVE = YES;
				CLANG_WARN_UNGUARDED_AVAILABILITY = YES_AGGRESSIVE;
				CLANG_WARN_UNREACHABLE_CODE = YES;
				CLANG_WARN__DUPLICATE_METHOD_MATCH = YES;
				CODE_SIGN_IDENTITY = "iPhone Developer";
				COPY_PHASE_STRIP = NO;
				DEBUG_INFORMATION_FORMAT = "dwarf-with-dsym";
				ENABLE_NS_ASSERTIONS = NO;
				ENABLE_STRICT_OBJC_MSGSEND = YES;
				GCC_C_LANGUAGE_STANDARD = gnu11;
				GCC_NO_COMMON_BLOCKS = YES;
				GCC_WARN_64_TO_32_BIT_CONVERSION = YES;
				GCC_WARN_ABOUT_RETURN_TYPE = YES_ERROR;
				GCC_WARN_UNDECLARED_SELECTOR = YES;
				GCC_WARN_UNINITIALIZED_AUTOS = YES_AGGRESSIVE;
				GCC_WARN_UNUSED_FUNCTION = YES;
				GCC_WARN_UNUSED_VARIABLE = YES;
				IPHONEOS_DEPLOYMENT_TARGET = 12.0;
				MTL_ENABLE_DEBUG_INFO = NO;
				SDKROOT = iphoneos;
				SWIFT_COMPILATION_MODE = wholemodule;
				SWIFT_OPTIMIZATION_LEVEL = "-O";
				VALIDATE_PRODUCT = YES;
			};
			name = Release;
		};
		DECAFDE420D16F7B0003B902 /* Debug */ = {
			isa = XCBuildConfiguration;
			buildSettings = {
				ASSETCATALOG_COMPILER_APPICON_NAME = AppIcon;
				CODE_SIGN_IDENTITY = "iPhone Developer";
				CODE_SIGN_STYLE = Automatic;
				DEVELOPMENT_TEAM = 25A3U75D5Z;
				INFOPLIST_FILE = "Tracked Images/Info.plist";
				LD_RUNPATH_SEARCH_PATHS = (
					"$(inherited)",
					"@executable_path/Frameworks",
				);
				PRODUCT_BUNDLE_IDENTIFIER = "com.kalopsiac.Tracked-Images";
				PRODUCT_NAME = "$(TARGET_NAME)";
				PROVISIONING_PROFILE_SPECIFIER = "";
				SWIFT_VERSION = 4.2;
				TARGETED_DEVICE_FAMILY = "1,2";
			};
			name = Debug;
		};
		DECAFDE520D16F7B0003B902 /* Release */ = {
			isa = XCBuildConfiguration;
			buildSettings = {
				ASSETCATALOG_COMPILER_APPICON_NAME = AppIcon;
				CODE_SIGN_IDENTITY = "iPhone Developer";
				CODE_SIGN_STYLE = Automatic;
				DEVELOPMENT_TEAM = 25A3U75D5Z;
				INFOPLIST_FILE = "Tracked Images/Info.plist";
				LD_RUNPATH_SEARCH_PATHS = (
					"$(inherited)",
					"@executable_path/Frameworks",
				);
				PRODUCT_BUNDLE_IDENTIFIER = "com.kalopsiac.Tracked-Images";
				PRODUCT_NAME = "$(TARGET_NAME)";
				PROVISIONING_PROFILE_SPECIFIER = "";
				SWIFT_VERSION = 4.2;
				TARGETED_DEVICE_FAMILY = "1,2";
			};
			name = Release;
		};
/* End XCBuildConfiguration section */

/* Begin XCConfigurationList section */
		DECAFDCA20D16F780003B902 /* Build configuration list for PBXProject "Tracked Images" */ = {
			isa = XCConfigurationList;
			buildConfigurations = (
				DECAFDE120D16F7B0003B902 /* Debug */,
				DECAFDE220D16F7B0003B902 /* Release */,
			);
			defaultConfigurationIsVisible = 0;
			defaultConfigurationName = Release;
		};
		DECAFDE320D16F7B0003B902 /* Build configuration list for PBXNativeTarget "Tracked Images" */ = {
			isa = XCConfigurationList;
			buildConfigurations = (
				DECAFDE420D16F7B0003B902 /* Debug */,
				DECAFDE520D16F7B0003B902 /* Release */,
			);
			defaultConfigurationIsVisible = 0;
			defaultConfigurationName = Release;
		};
/* End XCConfigurationList section */
	};
	rootObject = DECAFDC720D16F780003B902 /* Project object */;
}
